// !$*UTF8*$!
{
	archiveVersion = 1;
	classes = {
	};
	objectVersion = 55;
	objects = {

/* Begin PBXBuildFile section */
		EF03EF882804ECD9005A85D1 /* routeInfo.swift in Sources */ = {isa = PBXBuildFile; fileRef = EF03EF872804ECD9005A85D1 /* routeInfo.swift */; };
		EF059020280BA0FB00C4B76B /* StoreView.swift in Sources */ = {isa = PBXBuildFile; fileRef = EF05901F280BA0FB00C4B76B /* StoreView.swift */; };
		EF0DE0A02748877D00081637 /* OrderSheet.swift in Sources */ = {isa = PBXBuildFile; fileRef = EF0DE09F2748877D00081637 /* OrderSheet.swift */; };
		EF0DE0A22748D8A000081637 /* Login.swift in Sources */ = {isa = PBXBuildFile; fileRef = EF0DE0A12748D8A000081637 /* Login.swift */; };
		EF0DE0A42748FDCC00081637 /* ServiceView.swift in Sources */ = {isa = PBXBuildFile; fileRef = EF0DE0A32748FDCC00081637 /* ServiceView.swift */; };
		EF2920DF28579B2100537F41 /* Persistence4.swift in Sources */ = {isa = PBXBuildFile; fileRef = EF2920DE28579B2100537F41 /* Persistence4.swift */; };
		EF3F6A0B290993F800BB3FD3 /* ViewMerch.swift in Sources */ = {isa = PBXBuildFile; fileRef = EF3F6A0A290993F800BB3FD3 /* ViewMerch.swift */; };
		EF46D271276AB558007798C6 /* PlanDay.swift in Sources */ = {isa = PBXBuildFile; fileRef = EF46D270276AB558007798C6 /* PlanDay.swift */; };
		EF46D275276AB5C2007798C6 /* Dashboard.swift in Sources */ = {isa = PBXBuildFile; fileRef = EF46D274276AB5C2007798C6 /* Dashboard.swift */; };
		EF4AEE762735F17300E44DC3 /* Merch_ManagerApp.swift in Sources */ = {isa = PBXBuildFile; fileRef = EF4AEE752735F17300E44DC3 /* Merch_ManagerApp.swift */; };
		EF4AEE782735F17300E44DC3 /* Home.swift in Sources */ = {isa = PBXBuildFile; fileRef = EF4AEE772735F17300E44DC3 /* Home.swift */; };
		EF4AEE7A2735F17400E44DC3 /* Assets.xcassets in Resources */ = {isa = PBXBuildFile; fileRef = EF4AEE792735F17400E44DC3 /* Assets.xcassets */; };
		EF4AEE7D2735F17400E44DC3 /* Preview Assets.xcassets in Resources */ = {isa = PBXBuildFile; fileRef = EF4AEE7C2735F17400E44DC3 /* Preview Assets.xcassets */; };
		EF4AEE7F2735F17400E44DC3 /* Persistence.swift in Sources */ = {isa = PBXBuildFile; fileRef = EF4AEE7E2735F17400E44DC3 /* Persistence.swift */; };
		EF4AEE822735F17400E44DC3 /* Merch_Manager.xcdatamodeld in Sources */ = {isa = PBXBuildFile; fileRef = EF4AEE802735F17400E44DC3 /* Merch_Manager.xcdatamodeld */; };
		EF55221D289764EB0079D8B7 /* WarehouseOrderForm.swift in Sources */ = {isa = PBXBuildFile; fileRef = EF55221C289764EB0079D8B7 /* WarehouseOrderForm.swift */; };
		EF55221F28976C4C0079D8B7 /* WarehouseOrderItem.swift in Sources */ = {isa = PBXBuildFile; fileRef = EF55221E28976C4C0079D8B7 /* WarehouseOrderItem.swift */; };
		EF552221289CC2870079D8B7 /* WarehouseOrderItem2.swift in Sources */ = {isa = PBXBuildFile; fileRef = EF552220289CC2870079D8B7 /* WarehouseOrderItem2.swift */; };
		EF55222328A4A4F40079D8B7 /* Persistence5.swift in Sources */ = {isa = PBXBuildFile; fileRef = EF55222228A4A4F40079D8B7 /* Persistence5.swift */; };
		EF55222528A5CD230079D8B7 /* OrderModelController.swift in Sources */ = {isa = PBXBuildFile; fileRef = EF55222428A5CD230079D8B7 /* OrderModelController.swift */; };
		EF55222728A89F9D0079D8B7 /* OrderModel.swift in Sources */ = {isa = PBXBuildFile; fileRef = EF55222628A89F9D0079D8B7 /* OrderModel.swift */; };
		EF5607E42818E24E00833A86 /* CreatePlanView.swift in Sources */ = {isa = PBXBuildFile; fileRef = EF5607E32818E24E00833A86 /* CreatePlanView.swift */; };
		EF7D1D482847D7330057B475 /* Persistence2.swift in Sources */ = {isa = PBXBuildFile; fileRef = EF7D1D472847D7330057B475 /* Persistence2.swift */; };
		EF7D1D4A284929F80057B475 /* ScanView.swift in Sources */ = {isa = PBXBuildFile; fileRef = EF7D1D49284929F80057B475 /* ScanView.swift */; };
		EF7D1D4D28492D210057B475 /* CarBode in Frameworks */ = {isa = PBXBuildFile; productRef = EF7D1D4C28492D210057B475 /* CarBode */; };
		EF7D1D4F2849521D0057B475 /* AddItemView.swift in Sources */ = {isa = PBXBuildFile; fileRef = EF7D1D4E2849521D0057B475 /* AddItemView.swift */; };
		EF7D1D51284A7B9E0057B475 /* ItemView.swift in Sources */ = {isa = PBXBuildFile; fileRef = EF7D1D50284A7B9E0057B475 /* ItemView.swift */; };
		EF7D1D53284A83C40057B475 /* Persistence3.swift in Sources */ = {isa = PBXBuildFile; fileRef = EF7D1D52284A83C40057B475 /* Persistence3.swift */; };
		EF876083291B33BF00EAF3A5 /* ItemView2.swift in Sources */ = {isa = PBXBuildFile; fileRef = EF876082291B33BF00EAF3A5 /* ItemView2.swift */; };
		EFA6543D289227FB00E62E63 /* WarehouseOrderSheet.swift in Sources */ = {isa = PBXBuildFile; fileRef = EFA6543C289227FB00E62E63 /* WarehouseOrderSheet.swift */; };
		EFB8EABB278906940088380B /* Color.swift in Sources */ = {isa = PBXBuildFile; fileRef = EFB8EABA278906940088380B /* Color.swift */; };
		EFB8EABF278CF42B0088380B /* CreateAccountView.swift in Sources */ = {isa = PBXBuildFile; fileRef = EFB8EABE278CF42B0088380B /* CreateAccountView.swift */; };
		EFB8EAC4278E71190088380B /* GoogleService-Info.plist in Resources */ = {isa = PBXBuildFile; fileRef = EFB8EAC3278E71190088380B /* GoogleService-Info.plist */; };
		EFB8EAC72790105F0088380B /* FirebaseAuth in Frameworks */ = {isa = PBXBuildFile; productRef = EFB8EAC62790105F0088380B /* FirebaseAuth */; };
		EFB8EAC92790105F0088380B /* FirebaseAuthCombine-Community in Frameworks */ = {isa = PBXBuildFile; productRef = EFB8EAC82790105F0088380B /* FirebaseAuthCombine-Community */; };
		EFB8EACB2790105F0088380B /* FirebaseDatabase in Frameworks */ = {isa = PBXBuildFile; productRef = EFB8EACA2790105F0088380B /* FirebaseDatabase */; };
		EFB8EACD2790105F0088380B /* FirebaseFirestore in Frameworks */ = {isa = PBXBuildFile; productRef = EFB8EACC2790105F0088380B /* FirebaseFirestore */; };
		EFB8EACF2790105F0088380B /* FirebaseFirestoreCombine-Community in Frameworks */ = {isa = PBXBuildFile; productRef = EFB8EACE2790105F0088380B /* FirebaseFirestoreCombine-Community */; };
		EFB8EAD12790105F0088380B /* FirebaseFirestoreSwift-Beta in Frameworks */ = {isa = PBXBuildFile; productRef = EFB8EAD02790105F0088380B /* FirebaseFirestoreSwift-Beta */; };
		EFB8EAD32790105F0088380B /* FirebaseFunctions in Frameworks */ = {isa = PBXBuildFile; productRef = EFB8EAD22790105F0088380B /* FirebaseFunctions */; };
		EFB8EAD52790105F0088380B /* FirebaseMessaging in Frameworks */ = {isa = PBXBuildFile; productRef = EFB8EAD42790105F0088380B /* FirebaseMessaging */; };
		EFB8EAD72790105F0088380B /* FirebaseStorage in Frameworks */ = {isa = PBXBuildFile; productRef = EFB8EAD62790105F0088380B /* FirebaseStorage */; };
		EFB8EAD92790105F0088380B /* FirebaseStorageCombine-Community in Frameworks */ = {isa = PBXBuildFile; productRef = EFB8EAD82790105F0088380B /* FirebaseStorageCombine-Community */; };
		EFB8EADB2790105F0088380B /* FirebaseStorageSwift-Beta in Frameworks */ = {isa = PBXBuildFile; productRef = EFB8EADA2790105F0088380B /* FirebaseStorageSwift-Beta */; };
		EFC2838028397EF300517593 /* GridView.swift in Sources */ = {isa = PBXBuildFile; fileRef = EFC2837F28397EF300517593 /* GridView.swift */; };
		EFC2838328397F8500517593 /* DateModel.swift in Sources */ = {isa = PBXBuildFile; fileRef = EFC2838228397F8500517593 /* DateModel.swift */; };
		EFC2838628397FE700517593 /* DateModelController.swift in Sources */ = {isa = PBXBuildFile; fileRef = EFC2838528397FE700517593 /* DateModelController.swift */; };
		EFC9407F27BCACC600C397FF /* userInfo.swift in Sources */ = {isa = PBXBuildFile; fileRef = EFC9407E27BCACC600C397FF /* userInfo.swift */; };
		EFC9408227BCAD7200C397FF /* userStore.swift in Sources */ = {isa = PBXBuildFile; fileRef = EFC9408127BCAD7200C397FF /* userStore.swift */; };
		EFD628C928F0D79300B95B22 /* Reports.swift in Sources */ = {isa = PBXBuildFile; fileRef = EFD628C828F0D79300B95B22 /* Reports.swift */; };
		EFE1A94228C273B4001C1CB1 /* NewHome.swift in Sources */ = {isa = PBXBuildFile; fileRef = EFE1A94128C273B4001C1CB1 /* NewHome.swift */; };
		EFE1A94628C27589001C1CB1 /* coffeesplash.json in Resources */ = {isa = PBXBuildFile; fileRef = EFE1A94528C27589001C1CB1 /* coffeesplash.json */; };
		EFE1A94828C275F6001C1CB1 /* LottieView.swift in Sources */ = {isa = PBXBuildFile; fileRef = EFE1A94728C275F6001C1CB1 /* LottieView.swift */; };
		EFE1A94B28C276A3001C1CB1 /* Lottie in Frameworks */ = {isa = PBXBuildFile; productRef = EFE1A94A28C276A3001C1CB1 /* Lottie */; };
		EFE1A94F28C2E226001C1CB1 /* OrderSheetScanView.swift in Sources */ = {isa = PBXBuildFile; fileRef = EFE1A94E28C2E226001C1CB1 /* OrderSheetScanView.swift */; };
		EFE371512763E68700149767 /* AddStore.swift in Sources */ = {isa = PBXBuildFile; fileRef = EFE371502763E68700149767 /* AddStore.swift */; };
		EFF2130228E50F6A00313175 /* AccountView.swift in Sources */ = {isa = PBXBuildFile; fileRef = EFF2130128E50F6A00313175 /* AccountView.swift */; };
		EFF2130428E5264100313175 /* items.swift in Sources */ = {isa = PBXBuildFile; fileRef = EFF2130328E5264100313175 /* items.swift */; };
/* End PBXBuildFile section */

/* Begin PBXFileReference section */
		EF03EF872804ECD9005A85D1 /* routeInfo.swift */ = {isa = PBXFileReference; lastKnownFileType = sourcecode.swift; path = routeInfo.swift; sourceTree = "<group>"; };
		EF05901F280BA0FB00C4B76B /* StoreView.swift */ = {isa = PBXFileReference; lastKnownFileType = sourcecode.swift; path = StoreView.swift; sourceTree = "<group>"; };
		EF0DE09F2748877D00081637 /* OrderSheet.swift */ = {isa = PBXFileReference; lastKnownFileType = sourcecode.swift; path = OrderSheet.swift; sourceTree = "<group>"; };
		EF0DE0A12748D8A000081637 /* Login.swift */ = {isa = PBXFileReference; lastKnownFileType = sourcecode.swift; path = Login.swift; sourceTree = "<group>"; };
		EF0DE0A32748FDCC00081637 /* ServiceView.swift */ = {isa = PBXFileReference; lastKnownFileType = sourcecode.swift; path = ServiceView.swift; sourceTree = "<group>"; };
		EF2920DE28579B2100537F41 /* Persistence4.swift */ = {isa = PBXFileReference; lastKnownFileType = sourcecode.swift; path = Persistence4.swift; sourceTree = "<group>"; };
		EF3F6A0A290993F800BB3FD3 /* ViewMerch.swift */ = {isa = PBXFileReference; lastKnownFileType = sourcecode.swift; path = ViewMerch.swift; sourceTree = "<group>"; };
		EF46D270276AB558007798C6 /* PlanDay.swift */ = {isa = PBXFileReference; lastKnownFileType = sourcecode.swift; path = PlanDay.swift; sourceTree = "<group>"; };
		EF46D274276AB5C2007798C6 /* Dashboard.swift */ = {isa = PBXFileReference; lastKnownFileType = sourcecode.swift; path = Dashboard.swift; sourceTree = "<group>"; };
		EF4AEE722735F17300E44DC3 /* Merch Manager.app */ = {isa = PBXFileReference; explicitFileType = wrapper.application; includeInIndex = 0; path = "Merch Manager.app"; sourceTree = BUILT_PRODUCTS_DIR; };
		EF4AEE752735F17300E44DC3 /* Merch_ManagerApp.swift */ = {isa = PBXFileReference; lastKnownFileType = sourcecode.swift; path = Merch_ManagerApp.swift; sourceTree = "<group>"; };
		EF4AEE772735F17300E44DC3 /* Home.swift */ = {isa = PBXFileReference; lastKnownFileType = sourcecode.swift; path = Home.swift; sourceTree = "<group>"; };
		EF4AEE792735F17400E44DC3 /* Assets.xcassets */ = {isa = PBXFileReference; lastKnownFileType = folder.assetcatalog; path = Assets.xcassets; sourceTree = "<group>"; };
		EF4AEE7C2735F17400E44DC3 /* Preview Assets.xcassets */ = {isa = PBXFileReference; lastKnownFileType = folder.assetcatalog; path = "Preview Assets.xcassets"; sourceTree = "<group>"; };
		EF4AEE7E2735F17400E44DC3 /* Persistence.swift */ = {isa = PBXFileReference; lastKnownFileType = sourcecode.swift; path = Persistence.swift; sourceTree = "<group>"; };
		EF4AEE812735F17400E44DC3 /* Merch_Manager.xcdatamodel */ = {isa = PBXFileReference; lastKnownFileType = wrapper.xcdatamodel; path = Merch_Manager.xcdatamodel; sourceTree = "<group>"; };
		EF55221C289764EB0079D8B7 /* WarehouseOrderForm.swift */ = {isa = PBXFileReference; lastKnownFileType = sourcecode.swift; path = WarehouseOrderForm.swift; sourceTree = "<group>"; };
		EF55221E28976C4C0079D8B7 /* WarehouseOrderItem.swift */ = {isa = PBXFileReference; lastKnownFileType = sourcecode.swift; path = WarehouseOrderItem.swift; sourceTree = "<group>"; };
		EF552220289CC2870079D8B7 /* WarehouseOrderItem2.swift */ = {isa = PBXFileReference; lastKnownFileType = sourcecode.swift; path = WarehouseOrderItem2.swift; sourceTree = "<group>"; };
		EF55222228A4A4F40079D8B7 /* Persistence5.swift */ = {isa = PBXFileReference; lastKnownFileType = sourcecode.swift; path = Persistence5.swift; sourceTree = "<group>"; };
		EF55222428A5CD230079D8B7 /* OrderModelController.swift */ = {isa = PBXFileReference; lastKnownFileType = sourcecode.swift; path = OrderModelController.swift; sourceTree = "<group>"; };
		EF55222628A89F9D0079D8B7 /* OrderModel.swift */ = {isa = PBXFileReference; lastKnownFileType = sourcecode.swift; path = OrderModel.swift; sourceTree = "<group>"; };
		EF5607E32818E24E00833A86 /* CreatePlanView.swift */ = {isa = PBXFileReference; lastKnownFileType = sourcecode.swift; path = CreatePlanView.swift; sourceTree = "<group>"; };
		EF7D1D472847D7330057B475 /* Persistence2.swift */ = {isa = PBXFileReference; lastKnownFileType = sourcecode.swift; path = Persistence2.swift; sourceTree = "<group>"; };
		EF7D1D49284929F80057B475 /* ScanView.swift */ = {isa = PBXFileReference; lastKnownFileType = sourcecode.swift; path = ScanView.swift; sourceTree = "<group>"; };
		EF7D1D4E2849521D0057B475 /* AddItemView.swift */ = {isa = PBXFileReference; lastKnownFileType = sourcecode.swift; path = AddItemView.swift; sourceTree = "<group>"; };
		EF7D1D50284A7B9E0057B475 /* ItemView.swift */ = {isa = PBXFileReference; lastKnownFileType = sourcecode.swift; path = ItemView.swift; sourceTree = "<group>"; };
		EF7D1D52284A83C40057B475 /* Persistence3.swift */ = {isa = PBXFileReference; lastKnownFileType = sourcecode.swift; path = Persistence3.swift; sourceTree = "<group>"; };
		EF876082291B33BF00EAF3A5 /* ItemView2.swift */ = {isa = PBXFileReference; lastKnownFileType = sourcecode.swift; path = ItemView2.swift; sourceTree = "<group>"; };
		EFA6543C289227FB00E62E63 /* WarehouseOrderSheet.swift */ = {isa = PBXFileReference; lastKnownFileType = sourcecode.swift; path = WarehouseOrderSheet.swift; sourceTree = "<group>"; };
		EFB8EABA278906940088380B /* Color.swift */ = {isa = PBXFileReference; lastKnownFileType = sourcecode.swift; path = Color.swift; sourceTree = "<group>"; };
		EFB8EABE278CF42B0088380B /* CreateAccountView.swift */ = {isa = PBXFileReference; lastKnownFileType = sourcecode.swift; path = CreateAccountView.swift; sourceTree = "<group>"; };
		EFB8EAC3278E71190088380B /* GoogleService-Info.plist */ = {isa = PBXFileReference; fileEncoding = 4; lastKnownFileType = text.plist.xml; path = "GoogleService-Info.plist"; sourceTree = "<group>"; };
		EFC2837F28397EF300517593 /* GridView.swift */ = {isa = PBXFileReference; lastKnownFileType = sourcecode.swift; path = GridView.swift; sourceTree = "<group>"; };
		EFC2838228397F8500517593 /* DateModel.swift */ = {isa = PBXFileReference; lastKnownFileType = sourcecode.swift; path = DateModel.swift; sourceTree = "<group>"; };
		EFC2838528397FE700517593 /* DateModelController.swift */ = {isa = PBXFileReference; lastKnownFileType = sourcecode.swift; path = DateModelController.swift; sourceTree = "<group>"; };
		EFC9407E27BCACC600C397FF /* userInfo.swift */ = {isa = PBXFileReference; lastKnownFileType = sourcecode.swift; path = userInfo.swift; sourceTree = "<group>"; };
		EFC9408127BCAD7200C397FF /* userStore.swift */ = {isa = PBXFileReference; lastKnownFileType = sourcecode.swift; path = userStore.swift; sourceTree = "<group>"; };
		EFD628C828F0D79300B95B22 /* Reports.swift */ = {isa = PBXFileReference; lastKnownFileType = sourcecode.swift; path = Reports.swift; sourceTree = "<group>"; };
		EFE1A94128C273B4001C1CB1 /* NewHome.swift */ = {isa = PBXFileReference; lastKnownFileType = sourcecode.swift; path = NewHome.swift; sourceTree = "<group>"; };
		EFE1A94528C27589001C1CB1 /* coffeesplash.json */ = {isa = PBXFileReference; fileEncoding = 4; lastKnownFileType = text.json; path = coffeesplash.json; sourceTree = "<group>"; };
		EFE1A94728C275F6001C1CB1 /* LottieView.swift */ = {isa = PBXFileReference; fileEncoding = 4; lastKnownFileType = sourcecode.swift; path = LottieView.swift; sourceTree = "<group>"; };
		EFE1A94E28C2E226001C1CB1 /* OrderSheetScanView.swift */ = {isa = PBXFileReference; lastKnownFileType = sourcecode.swift; path = OrderSheetScanView.swift; sourceTree = "<group>"; };
		EFE371502763E68700149767 /* AddStore.swift */ = {isa = PBXFileReference; lastKnownFileType = sourcecode.swift; path = AddStore.swift; sourceTree = "<group>"; };
		EFF2130128E50F6A00313175 /* AccountView.swift */ = {isa = PBXFileReference; fileEncoding = 4; lastKnownFileType = sourcecode.swift; path = AccountView.swift; sourceTree = "<group>"; };
		EFF2130328E5264100313175 /* items.swift */ = {isa = PBXFileReference; lastKnownFileType = sourcecode.swift; path = items.swift; sourceTree = "<group>"; };
/* End PBXFileReference section */

/* Begin PBXFrameworksBuildPhase section */
		EF4AEE6F2735F17300E44DC3 /* Frameworks */ = {
			isa = PBXFrameworksBuildPhase;
			buildActionMask = 2147483647;
			files = (
				EFE1A94B28C276A3001C1CB1 /* Lottie in Frameworks */,
				EFB8EAD52790105F0088380B /* FirebaseMessaging in Frameworks */,
				EFB8EACB2790105F0088380B /* FirebaseDatabase in Frameworks */,
				EFB8EAD92790105F0088380B /* FirebaseStorageCombine-Community in Frameworks */,
				EF7D1D4D28492D210057B475 /* CarBode in Frameworks */,
				EFB8EAD72790105F0088380B /* FirebaseStorage in Frameworks */,
				EFB8EAD32790105F0088380B /* FirebaseFunctions in Frameworks */,
				EFB8EACD2790105F0088380B /* FirebaseFirestore in Frameworks */,
				EFB8EAC72790105F0088380B /* FirebaseAuth in Frameworks */,
				EFB8EAD12790105F0088380B /* FirebaseFirestoreSwift-Beta in Frameworks */,
				EFB8EACF2790105F0088380B /* FirebaseFirestoreCombine-Community in Frameworks */,
				EFB8EADB2790105F0088380B /* FirebaseStorageSwift-Beta in Frameworks */,
				EFB8EAC92790105F0088380B /* FirebaseAuthCombine-Community in Frameworks */,
			);
			runOnlyForDeploymentPostprocessing = 0;
		};
/* End PBXFrameworksBuildPhase section */

/* Begin PBXGroup section */
		EF4AEE692735F17300E44DC3 = {
			isa = PBXGroup;
			children = (
				EF4AEE742735F17300E44DC3 /* Merch Manager */,
				EF4AEE732735F17300E44DC3 /* Products */,
			);
			sourceTree = "<group>";
		};
		EF4AEE732735F17300E44DC3 /* Products */ = {
			isa = PBXGroup;
			children = (
				EF4AEE722735F17300E44DC3 /* Merch Manager.app */,
			);
			name = Products;
			sourceTree = "<group>";
		};
		EF4AEE742735F17300E44DC3 /* Merch Manager */ = {
			isa = PBXGroup;
			children = (
				EFB8EAC3278E71190088380B /* GoogleService-Info.plist */,
				EF4AEE752735F17300E44DC3 /* Merch_ManagerApp.swift */,
				EFC9408027BCACDF00C397FF /* User */,
				EFC2838428397FBE00517593 /* ModelController */,
				EFC2838128397F5C00517593 /* Model */,
				EFB8EAB92789067B0088380B /* Extensions */,
				EFB8EABC278909B30088380B /* Core */,
				EFB8EABD27890A080088380B /* Persistence */,
				EF4AEE792735F17400E44DC3 /* Assets.xcassets */,
				EF4AEE802735F17400E44DC3 /* Merch_Manager.xcdatamodeld */,
				EF4AEE7B2735F17400E44DC3 /* Preview Content */,
			);
			path = "Merch Manager";
			sourceTree = "<group>";
		};
		EF4AEE7B2735F17400E44DC3 /* Preview Content */ = {
			isa = PBXGroup;
			children = (
				EF4AEE7C2735F17400E44DC3 /* Preview Assets.xcassets */,
			);
			path = "Preview Content";
			sourceTree = "<group>";
		};
		EFB8EAB92789067B0088380B /* Extensions */ = {
			isa = PBXGroup;
			children = (
				EFE1A94528C27589001C1CB1 /* coffeesplash.json */,
				EFB8EABA278906940088380B /* Color.swift */,
			);
			path = Extensions;
			sourceTree = "<group>";
		};
		EFB8EABC278909B30088380B /* Core */ = {
			isa = PBXGroup;
			children = (
				EFE1A94728C275F6001C1CB1 /* LottieView.swift */,
				EFFE528C28E3792E00D917DB /* Orderforms */,
				EFE1A94128C273B4001C1CB1 /* NewHome.swift */,
				EF0DE0A12748D8A000081637 /* Login.swift */,
				EFB8EABE278CF42B0088380B /* CreateAccountView.swift */,
				EF46D270276AB558007798C6 /* PlanDay.swift */,
				EF5607E32818E24E00833A86 /* CreatePlanView.swift */,
				EFF2130128E50F6A00313175 /* AccountView.swift */,
				EFC2837F28397EF300517593 /* GridView.swift */,
				EF3F6A0A290993F800BB3FD3 /* ViewMerch.swift */,
				EF0DE09F2748877D00081637 /* OrderSheet.swift */,
				EFE1A94E28C2E226001C1CB1 /* OrderSheetScanView.swift */,
				EF7D1D49284929F80057B475 /* ScanView.swift */,
				EF0DE0A32748FDCC00081637 /* ServiceView.swift */,
				EF05901F280BA0FB00C4B76B /* StoreView.swift */,
				EFE371502763E68700149767 /* AddStore.swift */,
				EF4AEE772735F17300E44DC3 /* Home.swift */,
				EF7D1D50284A7B9E0057B475 /* ItemView.swift */,
				EF876082291B33BF00EAF3A5 /* ItemView2.swift */,
				EF7D1D4E2849521D0057B475 /* AddItemView.swift */,
				EF46D274276AB5C2007798C6 /* Dashboard.swift */,
				EFD628C828F0D79300B95B22 /* Reports.swift */,
			);
			path = Core;
			sourceTree = "<group>";
		};
		EFB8EABD27890A080088380B /* Persistence */ = {
			isa = PBXGroup;
			children = (
				EF4AEE7E2735F17400E44DC3 /* Persistence.swift */,
				EF7D1D472847D7330057B475 /* Persistence2.swift */,
				EF7D1D52284A83C40057B475 /* Persistence3.swift */,
				EF2920DE28579B2100537F41 /* Persistence4.swift */,
				EF55222228A4A4F40079D8B7 /* Persistence5.swift */,
			);
			path = Persistence;
			sourceTree = "<group>";
		};
		EFC2838128397F5C00517593 /* Model */ = {
			isa = PBXGroup;
			children = (
				EFC2838228397F8500517593 /* DateModel.swift */,
				EF55222628A89F9D0079D8B7 /* OrderModel.swift */,
			);
			path = Model;
			sourceTree = "<group>";
		};
		EFC2838428397FBE00517593 /* ModelController */ = {
			isa = PBXGroup;
			children = (
				EF55222428A5CD230079D8B7 /* OrderModelController.swift */,
				EFC2838528397FE700517593 /* DateModelController.swift */,
			);
			path = ModelController;
			sourceTree = "<group>";
		};
		EFC9408027BCACDF00C397FF /* User */ = {
			isa = PBXGroup;
			children = (
				EFF2130328E5264100313175 /* items.swift */,
				EFC9407E27BCACC600C397FF /* userInfo.swift */,
				EF03EF872804ECD9005A85D1 /* routeInfo.swift */,
				EFC9408127BCAD7200C397FF /* userStore.swift */,
			);
			path = User;
			sourceTree = "<group>";
		};
		EFFE528C28E3792E00D917DB /* Orderforms */ = {
			isa = PBXGroup;
			children = (
				EFA6543C289227FB00E62E63 /* WarehouseOrderSheet.swift */,
				EF55221C289764EB0079D8B7 /* WarehouseOrderForm.swift */,
				EF55221E28976C4C0079D8B7 /* WarehouseOrderItem.swift */,
				EF552220289CC2870079D8B7 /* WarehouseOrderItem2.swift */,
			);
			path = Orderforms;
			sourceTree = "<group>";
		};
/* End PBXGroup section */

/* Begin PBXNativeTarget section */
		EF4AEE712735F17300E44DC3 /* Merch Manager */ = {
			isa = PBXNativeTarget;
			buildConfigurationList = EF4AEE852735F17400E44DC3 /* Build configuration list for PBXNativeTarget "Merch Manager" */;
			buildPhases = (
				EF4AEE6E2735F17300E44DC3 /* Sources */,
				EF4AEE6F2735F17300E44DC3 /* Frameworks */,
				EF4AEE702735F17300E44DC3 /* Resources */,
			);
			buildRules = (
			);
			dependencies = (
			);
			name = "Merch Manager";
			packageProductDependencies = (
				EFB8EAC62790105F0088380B /* FirebaseAuth */,
				EFB8EAC82790105F0088380B /* FirebaseAuthCombine-Community */,
				EFB8EACA2790105F0088380B /* FirebaseDatabase */,
				EFB8EACC2790105F0088380B /* FirebaseFirestore */,
				EFB8EACE2790105F0088380B /* FirebaseFirestoreCombine-Community */,
				EFB8EAD02790105F0088380B /* FirebaseFirestoreSwift-Beta */,
				EFB8EAD22790105F0088380B /* FirebaseFunctions */,
				EFB8EAD42790105F0088380B /* FirebaseMessaging */,
				EFB8EAD62790105F0088380B /* FirebaseStorage */,
				EFB8EAD82790105F0088380B /* FirebaseStorageCombine-Community */,
				EFB8EADA2790105F0088380B /* FirebaseStorageSwift-Beta */,
				EF7D1D4C28492D210057B475 /* CarBode */,
				EFE1A94A28C276A3001C1CB1 /* Lottie */,
			);
			productName = "Merch Manager";
			productReference = EF4AEE722735F17300E44DC3 /* Merch Manager.app */;
			productType = "com.apple.product-type.application";
		};
/* End PBXNativeTarget section */

/* Begin PBXProject section */
		EF4AEE6A2735F17300E44DC3 /* Project object */ = {
			isa = PBXProject;
			attributes = {
				BuildIndependentTargetsInParallel = 1;
				LastSwiftUpdateCheck = 1310;
				LastUpgradeCheck = 1310;
				TargetAttributes = {
					EF4AEE712735F17300E44DC3 = {
						CreatedOnToolsVersion = 13.1;
					};
				};
			};
			buildConfigurationList = EF4AEE6D2735F17300E44DC3 /* Build configuration list for PBXProject "Merch Manager" */;
			compatibilityVersion = "Xcode 13.0";
			developmentRegion = en;
			hasScannedForEncodings = 0;
			knownRegions = (
				en,
				Base,
			);
			mainGroup = EF4AEE692735F17300E44DC3;
			packageReferences = (
				EFB8EAC52790105F0088380B /* XCRemoteSwiftPackageReference "firebase-ios-sdk" */,
				EF7D1D4B28492D200057B475 /* XCRemoteSwiftPackageReference "CarBode-Barcode-Scanner-For-SwiftUI" */,
				EFE1A94928C276A3001C1CB1 /* XCRemoteSwiftPackageReference "lottie-ios" */,
			);
			productRefGroup = EF4AEE732735F17300E44DC3 /* Products */;
			projectDirPath = "";
			projectRoot = "";
			targets = (
				EF4AEE712735F17300E44DC3 /* Merch Manager */,
			);
		};
/* End PBXProject section */

/* Begin PBXResourcesBuildPhase section */
		EF4AEE702735F17300E44DC3 /* Resources */ = {
			isa = PBXResourcesBuildPhase;
			buildActionMask = 2147483647;
			files = (
				EFE1A94628C27589001C1CB1 /* coffeesplash.json in Resources */,
				EF4AEE7D2735F17400E44DC3 /* Preview Assets.xcassets in Resources */,
				EF4AEE7A2735F17400E44DC3 /* Assets.xcassets in Resources */,
				EFB8EAC4278E71190088380B /* GoogleService-Info.plist in Resources */,
			);
			runOnlyForDeploymentPostprocessing = 0;
		};
/* End PBXResourcesBuildPhase section */

/* Begin PBXSourcesBuildPhase section */
		EF4AEE6E2735F17300E44DC3 /* Sources */ = {
			isa = PBXSourcesBuildPhase;
			buildActionMask = 2147483647;
			files = (
				EF55222728A89F9D0079D8B7 /* OrderModel.swift in Sources */,
				EFA6543D289227FB00E62E63 /* WarehouseOrderSheet.swift in Sources */,
				EF03EF882804ECD9005A85D1 /* routeInfo.swift in Sources */,
				EF0DE0A42748FDCC00081637 /* ServiceView.swift in Sources */,
				EF0DE0A02748877D00081637 /* OrderSheet.swift in Sources */,
				EF4AEE7F2735F17400E44DC3 /* Persistence.swift in Sources */,
				EF5607E42818E24E00833A86 /* CreatePlanView.swift in Sources */,
				EF7D1D4A284929F80057B475 /* ScanView.swift in Sources */,
				EF55222528A5CD230079D8B7 /* OrderModelController.swift in Sources */,
				EF55222328A4A4F40079D8B7 /* Persistence5.swift in Sources */,
				EFC9407F27BCACC600C397FF /* userInfo.swift in Sources */,
				EFE1A94828C275F6001C1CB1 /* LottieView.swift in Sources */,
				EF4AEE782735F17300E44DC3 /* Home.swift in Sources */,
				EF7D1D51284A7B9E0057B475 /* ItemView.swift in Sources */,
				EF7D1D53284A83C40057B475 /* Persistence3.swift in Sources */,
				EFC2838328397F8500517593 /* DateModel.swift in Sources */,
				EFC2838628397FE700517593 /* DateModelController.swift in Sources */,
				EF2920DF28579B2100537F41 /* Persistence4.swift in Sources */,
				EF55221D289764EB0079D8B7 /* WarehouseOrderForm.swift in Sources */,
				EF0DE0A22748D8A000081637 /* Login.swift in Sources */,
				EFE371512763E68700149767 /* AddStore.swift in Sources */,
				EFE1A94228C273B4001C1CB1 /* NewHome.swift in Sources */,
				EFF2130428E5264100313175 /* items.swift in Sources */,
				EFD628C928F0D79300B95B22 /* Reports.swift in Sources */,
				EF46D275276AB5C2007798C6 /* Dashboard.swift in Sources */,
				EF55221F28976C4C0079D8B7 /* WarehouseOrderItem.swift in Sources */,
				EF552221289CC2870079D8B7 /* WarehouseOrderItem2.swift in Sources */,
				EFB8EABF278CF42B0088380B /* CreateAccountView.swift in Sources */,
				EFE1A94F28C2E226001C1CB1 /* OrderSheetScanView.swift in Sources */,
				EFC9408227BCAD7200C397FF /* userStore.swift in Sources */,
				EFB8EABB278906940088380B /* Color.swift in Sources */,
				EF7D1D482847D7330057B475 /* Persistence2.swift in Sources */,
				EF4AEE762735F17300E44DC3 /* Merch_ManagerApp.swift in Sources */,
				EFF2130228E50F6A00313175 /* AccountView.swift in Sources */,
				EF7D1D4F2849521D0057B475 /* AddItemView.swift in Sources */,
				EF46D271276AB558007798C6 /* PlanDay.swift in Sources */,
				EF3F6A0B290993F800BB3FD3 /* ViewMerch.swift in Sources */,
				EF059020280BA0FB00C4B76B /* StoreView.swift in Sources */,
				EFC2838028397EF300517593 /* GridView.swift in Sources */,
				EF4AEE822735F17400E44DC3 /* Merch_Manager.xcdatamodeld in Sources */,
				EF876083291B33BF00EAF3A5 /* ItemView2.swift in Sources */,
			);
			runOnlyForDeploymentPostprocessing = 0;
		};
/* End PBXSourcesBuildPhase section */

/* Begin XCBuildConfiguration section */
		EF4AEE832735F17400E44DC3 /* Debug */ = {
			isa = XCBuildConfiguration;
			buildSettings = {
				ALWAYS_SEARCH_USER_PATHS = NO;
				CLANG_ANALYZER_NONNULL = YES;
				CLANG_ANALYZER_NUMBER_OBJECT_CONVERSION = YES_AGGRESSIVE;
				CLANG_CXX_LANGUAGE_STANDARD = "gnu++17";
				CLANG_CXX_LIBRARY = "libc++";
				CLANG_ENABLE_MODULES = YES;
				CLANG_ENABLE_OBJC_ARC = YES;
				CLANG_ENABLE_OBJC_WEAK = YES;
				CLANG_WARN_BLOCK_CAPTURE_AUTORELEASING = YES;
				CLANG_WARN_BOOL_CONVERSION = YES;
				CLANG_WARN_COMMA = YES;
				CLANG_WARN_CONSTANT_CONVERSION = YES;
				CLANG_WARN_DEPRECATED_OBJC_IMPLEMENTATIONS = YES;
				CLANG_WARN_DIRECT_OBJC_ISA_USAGE = YES_ERROR;
				CLANG_WARN_DOCUMENTATION_COMMENTS = YES;
				CLANG_WARN_EMPTY_BODY = YES;
				CLANG_WARN_ENUM_CONVERSION = YES;
				CLANG_WARN_INFINITE_RECURSION = YES;
				CLANG_WARN_INT_CONVERSION = YES;
				CLANG_WARN_NON_LITERAL_NULL_CONVERSION = YES;
				CLANG_WARN_OBJC_IMPLICIT_RETAIN_SELF = YES;
				CLANG_WARN_OBJC_LITERAL_CONVERSION = YES;
				CLANG_WARN_OBJC_ROOT_CLASS = YES_ERROR;
				CLANG_WARN_QUOTED_INCLUDE_IN_FRAMEWORK_HEADER = YES;
				CLANG_WARN_RANGE_LOOP_ANALYSIS = YES;
				CLANG_WARN_STRICT_PROTOTYPES = YES;
				CLANG_WARN_SUSPICIOUS_MOVE = YES;
				CLANG_WARN_UNGUARDED_AVAILABILITY = YES_AGGRESSIVE;
				CLANG_WARN_UNREACHABLE_CODE = YES;
				CLANG_WARN__DUPLICATE_METHOD_MATCH = YES;
				COPY_PHASE_STRIP = NO;
				DEBUG_INFORMATION_FORMAT = dwarf;
				ENABLE_STRICT_OBJC_MSGSEND = YES;
				ENABLE_TESTABILITY = YES;
				GCC_C_LANGUAGE_STANDARD = gnu11;
				GCC_DYNAMIC_NO_PIC = NO;
				GCC_NO_COMMON_BLOCKS = YES;
				GCC_OPTIMIZATION_LEVEL = 0;
				GCC_PREPROCESSOR_DEFINITIONS = (
					"DEBUG=1",
					"$(inherited)",
				);
				GCC_WARN_64_TO_32_BIT_CONVERSION = YES;
				GCC_WARN_ABOUT_RETURN_TYPE = YES_ERROR;
				GCC_WARN_UNDECLARED_SELECTOR = YES;
				GCC_WARN_UNINITIALIZED_AUTOS = YES_AGGRESSIVE;
				GCC_WARN_UNUSED_FUNCTION = YES;
				GCC_WARN_UNUSED_VARIABLE = YES;
				IPHONEOS_DEPLOYMENT_TARGET = 15.0;
				MTL_ENABLE_DEBUG_INFO = INCLUDE_SOURCE;
				MTL_FAST_MATH = YES;
				ONLY_ACTIVE_ARCH = YES;
				SDKROOT = iphoneos;
				SWIFT_ACTIVE_COMPILATION_CONDITIONS = DEBUG;
				SWIFT_OPTIMIZATION_LEVEL = "-Onone";
			};
			name = Debug;
		};
		EF4AEE842735F17400E44DC3 /* Release */ = {
			isa = XCBuildConfiguration;
			buildSettings = {
				ALWAYS_SEARCH_USER_PATHS = NO;
				CLANG_ANALYZER_NONNULL = YES;
				CLANG_ANALYZER_NUMBER_OBJECT_CONVERSION = YES_AGGRESSIVE;
				CLANG_CXX_LANGUAGE_STANDARD = "gnu++17";
				CLANG_CXX_LIBRARY = "libc++";
				CLANG_ENABLE_MODULES = YES;
				CLANG_ENABLE_OBJC_ARC = YES;
				CLANG_ENABLE_OBJC_WEAK = YES;
				CLANG_WARN_BLOCK_CAPTURE_AUTORELEASING = YES;
				CLANG_WARN_BOOL_CONVERSION = YES;
				CLANG_WARN_COMMA = YES;
				CLANG_WARN_CONSTANT_CONVERSION = YES;
				CLANG_WARN_DEPRECATED_OBJC_IMPLEMENTATIONS = YES;
				CLANG_WARN_DIRECT_OBJC_ISA_USAGE = YES_ERROR;
				CLANG_WARN_DOCUMENTATION_COMMENTS = YES;
				CLANG_WARN_EMPTY_BODY = YES;
				CLANG_WARN_ENUM_CONVERSION = YES;
				CLANG_WARN_INFINITE_RECURSION = YES;
				CLANG_WARN_INT_CONVERSION = YES;
				CLANG_WARN_NON_LITERAL_NULL_CONVERSION = YES;
				CLANG_WARN_OBJC_IMPLICIT_RETAIN_SELF = YES;
				CLANG_WARN_OBJC_LITERAL_CONVERSION = YES;
				CLANG_WARN_OBJC_ROOT_CLASS = YES_ERROR;
				CLANG_WARN_QUOTED_INCLUDE_IN_FRAMEWORK_HEADER = YES;
				CLANG_WARN_RANGE_LOOP_ANALYSIS = YES;
				CLANG_WARN_STRICT_PROTOTYPES = YES;
				CLANG_WARN_SUSPICIOUS_MOVE = YES;
				CLANG_WARN_UNGUARDED_AVAILABILITY = YES_AGGRESSIVE;
				CLANG_WARN_UNREACHABLE_CODE = YES;
				CLANG_WARN__DUPLICATE_METHOD_MATCH = YES;
				COPY_PHASE_STRIP = NO;
				DEBUG_INFORMATION_FORMAT = "dwarf-with-dsym";
				ENABLE_NS_ASSERTIONS = NO;
				ENABLE_STRICT_OBJC_MSGSEND = YES;
				GCC_C_LANGUAGE_STANDARD = gnu11;
				GCC_NO_COMMON_BLOCKS = YES;
				GCC_WARN_64_TO_32_BIT_CONVERSION = YES;
				GCC_WARN_ABOUT_RETURN_TYPE = YES_ERROR;
				GCC_WARN_UNDECLARED_SELECTOR = YES;
				GCC_WARN_UNINITIALIZED_AUTOS = YES_AGGRESSIVE;
				GCC_WARN_UNUSED_FUNCTION = YES;
				GCC_WARN_UNUSED_VARIABLE = YES;
				IPHONEOS_DEPLOYMENT_TARGET = 15.0;
				MTL_ENABLE_DEBUG_INFO = NO;
				MTL_FAST_MATH = YES;
				SDKROOT = iphoneos;
				SWIFT_COMPILATION_MODE = wholemodule;
				SWIFT_OPTIMIZATION_LEVEL = "-O";
				VALIDATE_PRODUCT = YES;
			};
			name = Release;
		};
		EF4AEE862735F17400E44DC3 /* Debug */ = {
			isa = XCBuildConfiguration;
			buildSettings = {
				ASSETCATALOG_COMPILER_APPICON_NAME = AppIcon;
				ASSETCATALOG_COMPILER_GLOBAL_ACCENT_COLOR_NAME = AccentColor;
				CODE_SIGN_STYLE = Automatic;
				CURRENT_PROJECT_VERSION = 1;
				DEVELOPMENT_ASSET_PATHS = "\"Merch Manager/Preview Content\"";
				DEVELOPMENT_TEAM = BY2YTN5682;
				ENABLE_PREVIEWS = YES;
				GENERATE_INFOPLIST_FILE = YES;
				INFOPLIST_KEY_NSCameraUsageDescription = "This app needs access to the camera, to be able to read barcodes.";
				INFOPLIST_KEY_NSFaceIDUsageDescription = "Authenticate user account";
				INFOPLIST_KEY_UIApplicationSceneManifest_Generation = YES;
				INFOPLIST_KEY_UIApplicationSupportsIndirectInputEvents = YES;
				INFOPLIST_KEY_UILaunchScreen_Generation = YES;
				INFOPLIST_KEY_UISupportedInterfaceOrientations_iPad = "UIInterfaceOrientationPortrait UIInterfaceOrientationPortraitUpsideDown UIInterfaceOrientationLandscapeLeft UIInterfaceOrientationLandscapeRight";
				INFOPLIST_KEY_UISupportedInterfaceOrientations_iPhone = "UIInterfaceOrientationPortrait UIInterfaceOrientationLandscapeLeft UIInterfaceOrientationLandscapeRight";
				LD_RUNPATH_SEARCH_PATHS = (
					"$(inherited)",
					"@executable_path/Frameworks",
				);
				MARKETING_VERSION = 1.0;
				PRODUCT_BUNDLE_IDENTIFIER = "g2t6xx.Merch-Manager";
				PRODUCT_NAME = "$(TARGET_NAME)";
				SWIFT_EMIT_LOC_STRINGS = YES;
				SWIFT_VERSION = 5.0;
				TARGETED_DEVICE_FAMILY = "1,2";
			};
			name = Debug;
		};
		EF4AEE872735F17400E44DC3 /* Release */ = {
			isa = XCBuildConfiguration;
			buildSettings = {
				ASSETCATALOG_COMPILER_APPICON_NAME = AppIcon;
				ASSETCATALOG_COMPILER_GLOBAL_ACCENT_COLOR_NAME = AccentColor;
				CODE_SIGN_STYLE = Automatic;
				CURRENT_PROJECT_VERSION = 1;
				DEVELOPMENT_ASSET_PATHS = "\"Merch Manager/Preview Content\"";
				DEVELOPMENT_TEAM = BY2YTN5682;
				ENABLE_PREVIEWS = YES;
				GENERATE_INFOPLIST_FILE = YES;
				INFOPLIST_KEY_NSCameraUsageDescription = "This app needs access to the camera, to be able to read barcodes.";
				INFOPLIST_KEY_NSFaceIDUsageDescription = "Authenticate user account";
				INFOPLIST_KEY_UIApplicationSceneManifest_Generation = YES;
				INFOPLIST_KEY_UIApplicationSupportsIndirectInputEvents = YES;
				INFOPLIST_KEY_UILaunchScreen_Generation = YES;
				INFOPLIST_KEY_UISupportedInterfaceOrientations_iPad = "UIInterfaceOrientationPortrait UIInterfaceOrientationPortraitUpsideDown UIInterfaceOrientationLandscapeLeft UIInterfaceOrientationLandscapeRight";
				INFOPLIST_KEY_UISupportedInterfaceOrientations_iPhone = "UIInterfaceOrientationPortrait UIInterfaceOrientationLandscapeLeft UIInterfaceOrientationLandscapeRight";
				LD_RUNPATH_SEARCH_PATHS = (
					"$(inherited)",
					"@executable_path/Frameworks",
				);
				MARKETING_VERSION = 1.0;
				PRODUCT_BUNDLE_IDENTIFIER = "g2t6xx.Merch-Manager";
				PRODUCT_NAME = "$(TARGET_NAME)";
				SWIFT_EMIT_LOC_STRINGS = YES;
				SWIFT_VERSION = 5.0;
				TARGETED_DEVICE_FAMILY = "1,2";
			};
			name = Release;
		};
/* End XCBuildConfiguration section */

/* Begin XCConfigurationList section */
		EF4AEE6D2735F17300E44DC3 /* Build configuration list for PBXProject "Merch Manager" */ = {
			isa = XCConfigurationList;
			buildConfigurations = (
				EF4AEE832735F17400E44DC3 /* Debug */,
				EF4AEE842735F17400E44DC3 /* Release */,
			);
			defaultConfigurationIsVisible = 0;
			defaultConfigurationName = Release;
		};
		EF4AEE852735F17400E44DC3 /* Build configuration list for PBXNativeTarget "Merch Manager" */ = {
			isa = XCConfigurationList;
			buildConfigurations = (
				EF4AEE862735F17400E44DC3 /* Debug */,
				EF4AEE872735F17400E44DC3 /* Release */,
			);
			defaultConfigurationIsVisible = 0;
			defaultConfigurationName = Release;
		};
/* End XCConfigurationList section */

/* Begin XCRemoteSwiftPackageReference section */
		EF7D1D4B28492D200057B475 /* XCRemoteSwiftPackageReference "CarBode-Barcode-Scanner-For-SwiftUI" */ = {
			isa = XCRemoteSwiftPackageReference;
			repositoryURL = "https://github.com/heart/CarBode-Barcode-Scanner-For-SwiftUI";
			requirement = {
				kind = upToNextMajorVersion;
				minimumVersion = 2.0.0;
			};
		};
		EFB8EAC52790105F0088380B /* XCRemoteSwiftPackageReference "firebase-ios-sdk" */ = {
			isa = XCRemoteSwiftPackageReference;
			repositoryURL = "https://github.com/firebase/firebase-ios-sdk";
			requirement = {
				branch = master;
				kind = branch;
			};
		};
		EFE1A94928C276A3001C1CB1 /* XCRemoteSwiftPackageReference "lottie-ios" */ = {
			isa = XCRemoteSwiftPackageReference;
			repositoryURL = "https://github.com/airbnb/lottie-ios";
			requirement = {
				kind = upToNextMajorVersion;
				minimumVersion = 3.0.0;
			};
		};
/* End XCRemoteSwiftPackageReference section */

/* Begin XCSwiftPackageProductDependency section */
		EF7D1D4C28492D210057B475 /* CarBode */ = {
			isa = XCSwiftPackageProductDependency;
			package = EF7D1D4B28492D200057B475 /* XCRemoteSwiftPackageReference "CarBode-Barcode-Scanner-For-SwiftUI" */;
			productName = CarBode;
		};
		EFB8EAC62790105F0088380B /* FirebaseAuth */ = {
			isa = XCSwiftPackageProductDependency;
			package = EFB8EAC52790105F0088380B /* XCRemoteSwiftPackageReference "firebase-ios-sdk" */;
			productName = FirebaseAuth;
		};
		EFB8EAC82790105F0088380B /* FirebaseAuthCombine-Community */ = {
			isa = XCSwiftPackageProductDependency;
			package = EFB8EAC52790105F0088380B /* XCRemoteSwiftPackageReference "firebase-ios-sdk" */;
			productName = "FirebaseAuthCombine-Community";
		};
		EFB8EACA2790105F0088380B /* FirebaseDatabase */ = {
			isa = XCSwiftPackageProductDependency;
			package = EFB8EAC52790105F0088380B /* XCRemoteSwiftPackageReference "firebase-ios-sdk" */;
			productName = FirebaseDatabase;
		};
		EFB8EACC2790105F0088380B /* FirebaseFirestore */ = {
			isa = XCSwiftPackageProductDependency;
			package = EFB8EAC52790105F0088380B /* XCRemoteSwiftPackageReference "firebase-ios-sdk" */;
			productName = FirebaseFirestore;
		};
		EFB8EACE2790105F0088380B /* FirebaseFirestoreCombine-Community */ = {
			isa = XCSwiftPackageProductDependency;
			package = EFB8EAC52790105F0088380B /* XCRemoteSwiftPackageReference "firebase-ios-sdk" */;
			productName = "FirebaseFirestoreCombine-Community";
		};
		EFB8EAD02790105F0088380B /* FirebaseFirestoreSwift-Beta */ = {
			isa = XCSwiftPackageProductDependency;
			package = EFB8EAC52790105F0088380B /* XCRemoteSwiftPackageReference "firebase-ios-sdk" */;
			productName = "FirebaseFirestoreSwift-Beta";
		};
		EFB8EAD22790105F0088380B /* FirebaseFunctions */ = {
			isa = XCSwiftPackageProductDependency;
			package = EFB8EAC52790105F0088380B /* XCRemoteSwiftPackageReference "firebase-ios-sdk" */;
			productName = FirebaseFunctions;
		};
		EFB8EAD42790105F0088380B /* FirebaseMessaging */ = {
			isa = XCSwiftPackageProductDependency;
			package = EFB8EAC52790105F0088380B /* XCRemoteSwiftPackageReference "firebase-ios-sdk" */;
			productName = FirebaseMessaging;
		};
		EFB8EAD62790105F0088380B /* FirebaseStorage */ = {
			isa = XCSwiftPackageProductDependency;
			package = EFB8EAC52790105F0088380B /* XCRemoteSwiftPackageReference "firebase-ios-sdk" */;
			productName = FirebaseStorage;
		};
		EFB8EAD82790105F0088380B /* FirebaseStorageCombine-Community */ = {
			isa = XCSwiftPackageProductDependency;
			package = EFB8EAC52790105F0088380B /* XCRemoteSwiftPackageReference "firebase-ios-sdk" */;
			productName = "FirebaseStorageCombine-Community";
		};
		EFB8EADA2790105F0088380B /* FirebaseStorageSwift-Beta */ = {
			isa = XCSwiftPackageProductDependency;
			package = EFB8EAC52790105F0088380B /* XCRemoteSwiftPackageReference "firebase-ios-sdk" */;
			productName = "FirebaseStorageSwift-Beta";
		};
		EFE1A94A28C276A3001C1CB1 /* Lottie */ = {
			isa = XCSwiftPackageProductDependency;
			package = EFE1A94928C276A3001C1CB1 /* XCRemoteSwiftPackageReference "lottie-ios" */;
			productName = Lottie;
		};
/* End XCSwiftPackageProductDependency section */

/* Begin XCVersionGroup section */
		EF4AEE802735F17400E44DC3 /* Merch_Manager.xcdatamodeld */ = {
			isa = XCVersionGroup;
			children = (
				EF4AEE812735F17400E44DC3 /* Merch_Manager.xcdatamodel */,
			);
			currentVersion = EF4AEE812735F17400E44DC3 /* Merch_Manager.xcdatamodel */;
			path = Merch_Manager.xcdatamodeld;
			sourceTree = "<group>";
			versionGroupType = wrapper.xcdatamodel;
		};
/* End XCVersionGroup section */
	};
	rootObject = EF4AEE6A2735F17300E44DC3 /* Project object */;
}
